
Microsoft Visual Studio Solution File, Format Version 12.00
# Visual Studio Version 16
VisualStudioVersion = 16.0.31424.327
MinimumVisualStudioVersion = 10.0.40219.1
Project("{FAE04EC0-301F-11D3-BF4B-00C04F79EFBC}") = "WebApplication4", "WebApplication4\WebApplication4.csproj", "{8414D099-F6F0-4D50-A0D3-8AC3A760BCF3}"
EndProject
Global
	GlobalSection(SolutionConfigurationPlatforms) = preSolution
		Debug|Any CPU = Debug|Any CPU
		Release|Any CPU = Release|Any CPU
	EndGlobalSection
	GlobalSection(ProjectConfigurationPlatforms) = postSolution
		{8414D099-F6F0-4D50-A0D3-8AC3A760BCF3}.Debug|Any CPU.ActiveCfg = Debug|Any CPU
		{8414D099-F6F0-4D50-A0D3-8AC3A760BCF3}.Debug|Any CPU.Build.0 = Debug|Any CPU
		{8414D099-F6F0-4D50-A0D3-8AC3A760BCF3}.Release|Any CPU.ActiveCfg = Release|Any CPU
		{8414D099-F6F0-4D50-A0D3-8AC3A760BCF3}.Release|Any CPU.Build.0 = Release|Any CPU
	EndGlobalSection
	GlobalSection(SolutionProperties) = preSolution
		HideSolutionNode = FALSE
	EndGlobalSection
	GlobalSection(ExtensibilityGlobals) = postSolution
		SolutionGuid = {C323C0E2-2B9F-4A4B-8B4C-78633BCDDE71}
	EndGlobalSection
EndGlobal
